// !$*UTF8*$!
{
	archiveVersion = 1;
	classes = {
	};
	objectVersion = 50;
	objects = {

/* Begin PBXBuildFile section */
		1893D06A229328BD006E9B00 /* AppDelegate.swift in Sources */ = {isa = PBXBuildFile; fileRef = 1893D069229328BD006E9B00 /* AppDelegate.swift */; };
		1893D06F229328BD006E9B00 /* Main.storyboard in Resources */ = {isa = PBXBuildFile; fileRef = 1893D06D229328BD006E9B00 /* Main.storyboard */; };
		1893D072229328BD006E9B00 /* VirtualTourist.xcdatamodeld in Sources */ = {isa = PBXBuildFile; fileRef = 1893D070229328BD006E9B00 /* VirtualTourist.xcdatamodeld */; };
		1893D074229328BE006E9B00 /* Assets.xcassets in Resources */ = {isa = PBXBuildFile; fileRef = 1893D073229328BE006E9B00 /* Assets.xcassets */; };
		1893D077229328BE006E9B00 /* LaunchScreen.storyboard in Resources */ = {isa = PBXBuildFile; fileRef = 1893D075229328BE006E9B00 /* LaunchScreen.storyboard */; };
		1893D07F229329A3006E9B00 /* MapViewController.swift in Sources */ = {isa = PBXBuildFile; fileRef = 1893D07E229329A3006E9B00 /* MapViewController.swift */; };
		1893D08522932EDD006E9B00 /* MapState.swift in Sources */ = {isa = PBXBuildFile; fileRef = 1893D08422932EDD006E9B00 /* MapState.swift */; };
		1893D08722933891006E9B00 /* DataController.swift in Sources */ = {isa = PBXBuildFile; fileRef = 1893D08622933891006E9B00 /* DataController.swift */; };
		1893D0AA2295437F006E9B00 /* PinAnnotation.swift in Sources */ = {isa = PBXBuildFile; fileRef = 1893D0A92295437F006E9B00 /* PinAnnotation.swift */; };
		1893D0AC22954500006E9B00 /* PinDetailViewController.swift in Sources */ = {isa = PBXBuildFile; fileRef = 1893D0AB22954500006E9B00 /* PinDetailViewController.swift */; };
		1893D0AE229553C0006E9B00 /* NetworkClient.swift in Sources */ = {isa = PBXBuildFile; fileRef = 1893D0AD229553C0006E9B00 /* NetworkClient.swift */; };
		1893D0B1229564FA006E9B00 /* SearchPhotosResponse.swift in Sources */ = {isa = PBXBuildFile; fileRef = 1893D0B0229564FA006E9B00 /* SearchPhotosResponse.swift */; };
		1893D0B322957112006E9B00 /* PhotoCollectionViewCell.swift in Sources */ = {isa = PBXBuildFile; fileRef = 1893D0B222957112006E9B00 /* PhotoCollectionViewCell.swift */; };
/* End PBXBuildFile section */

/* Begin PBXFileReference section */
		1893D066229328BD006E9B00 /* VirtualTourist.app */ = {isa = PBXFileReference; explicitFileType = wrapper.application; includeInIndex = 0; path = VirtualTourist.app; sourceTree = BUILT_PRODUCTS_DIR; };
		1893D069229328BD006E9B00 /* AppDelegate.swift */ = {isa = PBXFileReference; lastKnownFileType = sourcecode.swift; path = AppDelegate.swift; sourceTree = "<group>"; };
		1893D06E229328BD006E9B00 /* Base */ = {isa = PBXFileReference; lastKnownFileType = file.storyboard; name = Base; path = Base.lproj/Main.storyboard; sourceTree = "<group>"; };
		1893D071229328BD006E9B00 /* VirtualTourist.xcdatamodel */ = {isa = PBXFileReference; lastKnownFileType = wrapper.xcdatamodel; path = VirtualTourist.xcdatamodel; sourceTree = "<group>"; };
		1893D073229328BE006E9B00 /* Assets.xcassets */ = {isa = PBXFileReference; lastKnownFileType = folder.assetcatalog; path = Assets.xcassets; sourceTree = "<group>"; };
		1893D076229328BE006E9B00 /* Base */ = {isa = PBXFileReference; lastKnownFileType = file.storyboard; name = Base; path = Base.lproj/LaunchScreen.storyboard; sourceTree = "<group>"; };
		1893D078229328BE006E9B00 /* Info.plist */ = {isa = PBXFileReference; lastKnownFileType = text.plist.xml; path = Info.plist; sourceTree = "<group>"; };
		1893D07E229329A3006E9B00 /* MapViewController.swift */ = {isa = PBXFileReference; lastKnownFileType = sourcecode.swift; path = MapViewController.swift; sourceTree = "<group>"; };
		1893D08422932EDD006E9B00 /* MapState.swift */ = {isa = PBXFileReference; lastKnownFileType = sourcecode.swift; path = MapState.swift; sourceTree = "<group>"; };
		1893D08622933891006E9B00 /* DataController.swift */ = {isa = PBXFileReference; lastKnownFileType = sourcecode.swift; path = DataController.swift; sourceTree = "<group>"; };
		1893D0A92295437F006E9B00 /* PinAnnotation.swift */ = {isa = PBXFileReference; lastKnownFileType = sourcecode.swift; path = PinAnnotation.swift; sourceTree = "<group>"; };
		1893D0AB22954500006E9B00 /* PinDetailViewController.swift */ = {isa = PBXFileReference; lastKnownFileType = sourcecode.swift; path = PinDetailViewController.swift; sourceTree = "<group>"; };
		1893D0AD229553C0006E9B00 /* NetworkClient.swift */ = {isa = PBXFileReference; lastKnownFileType = sourcecode.swift; path = NetworkClient.swift; sourceTree = "<group>"; };
		1893D0B0229564FA006E9B00 /* SearchPhotosResponse.swift */ = {isa = PBXFileReference; lastKnownFileType = sourcecode.swift; path = SearchPhotosResponse.swift; sourceTree = "<group>"; };
		1893D0B222957112006E9B00 /* PhotoCollectionViewCell.swift */ = {isa = PBXFileReference; lastKnownFileType = sourcecode.swift; path = PhotoCollectionViewCell.swift; sourceTree = "<group>"; };
/* End PBXFileReference section */

/* Begin PBXFrameworksBuildPhase section */
		1893D063229328BD006E9B00 /* Frameworks */ = {
			isa = PBXFrameworksBuildPhase;
			buildActionMask = 2147483647;
			files = (
			);
			runOnlyForDeploymentPostprocessing = 0;
		};
/* End PBXFrameworksBuildPhase section */

/* Begin PBXGroup section */
		1893D05D229328BD006E9B00 = {
			isa = PBXGroup;
			children = (
				1893D068229328BD006E9B00 /* VirtualTourist */,
				1893D067229328BD006E9B00 /* Products */,
			);
			sourceTree = "<group>";
		};
		1893D067229328BD006E9B00 /* Products */ = {
			isa = PBXGroup;
			children = (
				1893D066229328BD006E9B00 /* VirtualTourist.app */,
			);
			name = Products;
			sourceTree = "<group>";
		};
		1893D068229328BD006E9B00 /* VirtualTourist */ = {
			isa = PBXGroup;
			children = (
				1893D0AF22956444006E9B00 /* Network */,
				1893D078229328BE006E9B00 /* Info.plist */,
				1893D069229328BD006E9B00 /* AppDelegate.swift */,
				1893D08022932DCE006E9B00 /* Model */,
				1893D08122932DDF006E9B00 /* View */,
				1893D08222932DEE006E9B00 /* Controller */,
				1893D08322932E6E006E9B00 /* Assets */,
			);
			path = VirtualTourist;
			sourceTree = "<group>";
		};
		1893D08022932DCE006E9B00 /* Model */ = {
			isa = PBXGroup;
			children = (
				1893D070229328BD006E9B00 /* VirtualTourist.xcdatamodeld */,
				1893D08422932EDD006E9B00 /* MapState.swift */,
				1893D0A92295437F006E9B00 /* PinAnnotation.swift */,
			);
			path = Model;
			sourceTree = "<group>";
		};
		1893D08122932DDF006E9B00 /* View */ = {
			isa = PBXGroup;
			children = (
				1893D0B222957112006E9B00 /* PhotoCollectionViewCell.swift */,
			);
			path = View;
			sourceTree = "<group>";
		};
		1893D08222932DEE006E9B00 /* Controller */ = {
			isa = PBXGroup;
			children = (
				1893D0AB22954500006E9B00 /* PinDetailViewController.swift */,
				1893D07E229329A3006E9B00 /* MapViewController.swift */,
				1893D08622933891006E9B00 /* DataController.swift */,
			);
			path = Controller;
			sourceTree = "<group>";
		};
		1893D08322932E6E006E9B00 /* Assets */ = {
			isa = PBXGroup;
			children = (
				1893D073229328BE006E9B00 /* Assets.xcassets */,
				1893D06D229328BD006E9B00 /* Main.storyboard */,
				1893D075229328BE006E9B00 /* LaunchScreen.storyboard */,
			);
			path = Assets;
			sourceTree = "<group>";
		};
		1893D0AF22956444006E9B00 /* Network */ = {
			isa = PBXGroup;
			children = (
				1893D0AD229553C0006E9B00 /* NetworkClient.swift */,
				1893D0B0229564FA006E9B00 /* SearchPhotosResponse.swift */,
			);
			path = Network;
			sourceTree = "<group>";
		};
/* End PBXGroup section */

/* Begin PBXNativeTarget section */
		1893D065229328BD006E9B00 /* VirtualTourist */ = {
			isa = PBXNativeTarget;
			buildConfigurationList = 1893D07B229328BE006E9B00 /* Build configuration list for PBXNativeTarget "VirtualTourist" */;
			buildPhases = (
				1893D062229328BD006E9B00 /* Sources */,
				1893D063229328BD006E9B00 /* Frameworks */,
				1893D064229328BD006E9B00 /* Resources */,
			);
			buildRules = (
			);
			dependencies = (
			);
			name = VirtualTourist;
			productName = VirtualTourist;
			productReference = 1893D066229328BD006E9B00 /* VirtualTourist.app */;
			productType = "com.apple.product-type.application";
		};
/* End PBXNativeTarget section */

/* Begin PBXProject section */
		1893D05E229328BD006E9B00 /* Project object */ = {
			isa = PBXProject;
			attributes = {
				LastSwiftUpdateCheck = 1010;
				LastUpgradeCheck = 1010;
				ORGANIZATIONNAME = "Elena Kulakova";
				TargetAttributes = {
					1893D065229328BD006E9B00 = {
						CreatedOnToolsVersion = 10.1;
					};
				};
			};
			buildConfigurationList = 1893D061229328BD006E9B00 /* Build configuration list for PBXProject "VirtualTourist" */;
			compatibilityVersion = "Xcode 9.3";
			developmentRegion = en;
			hasScannedForEncodings = 0;
			knownRegions = (
				en,
				Base,
			);
			mainGroup = 1893D05D229328BD006E9B00;
			productRefGroup = 1893D067229328BD006E9B00 /* Products */;
			projectDirPath = "";
			projectRoot = "";
			targets = (
				1893D065229328BD006E9B00 /* VirtualTourist */,
			);
		};
/* End PBXProject section */

/* Begin PBXResourcesBuildPhase section */
		1893D064229328BD006E9B00 /* Resources */ = {
			isa = PBXResourcesBuildPhase;
			buildActionMask = 2147483647;
			files = (
				1893D077229328BE006E9B00 /* LaunchScreen.storyboard in Resources */,
				1893D074229328BE006E9B00 /* Assets.xcassets in Resources */,
				1893D06F229328BD006E9B00 /* Main.storyboard in Resources */,
			);
			runOnlyForDeploymentPostprocessing = 0;
		};
/* End PBXResourcesBuildPhase section */

/* Begin PBXSourcesBuildPhase section */
		1893D062229328BD006E9B00 /* Sources */ = {
			isa = PBXSourcesBuildPhase;
			buildActionMask = 2147483647;
			files = (
				1893D0B1229564FA006E9B00 /* SearchPhotosResponse.swift in Sources */,
				1893D0B322957112006E9B00 /* PhotoCollectionViewCell.swift in Sources */,
				1893D08722933891006E9B00 /* DataController.swift in Sources */,
				1893D0AC22954500006E9B00 /* PinDetailViewController.swift in Sources */,
				1893D08522932EDD006E9B00 /* MapState.swift in Sources */,
				1893D06A229328BD006E9B00 /* AppDelegate.swift in Sources */,
				1893D07F229329A3006E9B00 /* MapViewController.swift in Sources */,
				1893D0AA2295437F006E9B00 /* PinAnnotation.swift in Sources */,
				1893D072229328BD006E9B00 /* VirtualTourist.xcdatamodeld in Sources */,
				1893D0AE229553C0006E9B00 /* NetworkClient.swift in Sources */,
			);
			runOnlyForDeploymentPostprocessing = 0;
		};
/* End PBXSourcesBuildPhase section */

/* Begin PBXVariantGroup section */
		1893D06D229328BD006E9B00 /* Main.storyboard */ = {
			isa = PBXVariantGroup;
			children = (
				1893D06E229328BD006E9B00 /* Base */,
			);
			name = Main.storyboard;
			sourceTree = "<group>";
		};
		1893D075229328BE006E9B00 /* LaunchScreen.storyboard */ = {
			isa = PBXVariantGroup;
			children = (
				1893D076229328BE006E9B00 /* Base */,
			);
			name = LaunchScreen.storyboard;
			sourceTree = "<group>";
		};
/* End PBXVariantGroup section */

/* Begin XCBuildConfiguration section */
		1893D079229328BE006E9B00 /* Debug */ = {
			isa = XCBuildConfiguration;
			buildSettings = {
				ALWAYS_SEARCH_USER_PATHS = NO;
				CLANG_ANALYZER_NONNULL = YES;
				CLANG_ANALYZER_NUMBER_OBJECT_CONVERSION = YES_AGGRESSIVE;
				CLANG_CXX_LANGUAGE_STANDARD = "gnu++14";
				CLANG_CXX_LIBRARY = "libc++";
				CLANG_ENABLE_MODULES = YES;
				CLANG_ENABLE_OBJC_ARC = YES;
				CLANG_ENABLE_OBJC_WEAK = YES;
				CLANG_WARN_BLOCK_CAPTURE_AUTORELEASING = YES;
				CLANG_WARN_BOOL_CONVERSION = YES;
				CLANG_WARN_COMMA = YES;
				CLANG_WARN_CONSTANT_CONVERSION = YES;
				CLANG_WARN_DEPRECATED_OBJC_IMPLEMENTATIONS = YES;
				CLANG_WARN_DIRECT_OBJC_ISA_USAGE = YES_ERROR;
				CLANG_WARN_DOCUMENTATION_COMMENTS = YES;
				CLANG_WARN_EMPTY_BODY = YES;
				CLANG_WARN_ENUM_CONVERSION = YES;
				CLANG_WARN_INFINITE_RECURSION = YES;
				CLANG_WARN_INT_CONVERSION = YES;
				CLANG_WARN_NON_LITERAL_NULL_CONVERSION = YES;
				CLANG_WARN_OBJC_IMPLICIT_RETAIN_SELF = YES;
				CLANG_WARN_OBJC_LITERAL_CONVERSION = YES;
				CLANG_WARN_OBJC_ROOT_CLASS = YES_ERROR;
				CLANG_WARN_RANGE_LOOP_ANALYSIS = YES;
				CLANG_WARN_STRICT_PROTOTYPES = YES;
				CLANG_WARN_SUSPICIOUS_MOVE = YES;
				CLANG_WARN_UNGUARDED_AVAILABILITY = YES_AGGRESSIVE;
				CLANG_WARN_UNREACHABLE_CODE = YES;
				CLANG_WARN__DUPLICATE_METHOD_MATCH = YES;
				CODE_SIGN_IDENTITY = "iPhone Developer";
				COPY_PHASE_STRIP = NO;
				DEBUG_INFORMATION_FORMAT = dwarf;
				ENABLE_STRICT_OBJC_MSGSEND = YES;
				ENABLE_TESTABILITY = YES;
				GCC_C_LANGUAGE_STANDARD = gnu11;
				GCC_DYNAMIC_NO_PIC = NO;
				GCC_NO_COMMON_BLOCKS = YES;
				GCC_OPTIMIZATION_LEVEL = 0;
				GCC_PREPROCESSOR_DEFINITIONS = (
					"DEBUG=1",
					"$(inherited)",
				);
				GCC_WARN_64_TO_32_BIT_CONVERSION = YES;
				GCC_WARN_ABOUT_RETURN_TYPE = YES_ERROR;
				GCC_WARN_UNDECLARED_SELECTOR = YES;
				GCC_WARN_UNINITIALIZED_AUTOS = YES_AGGRESSIVE;
				GCC_WARN_UNUSED_FUNCTION = YES;
				GCC_WARN_UNUSED_VARIABLE = YES;
				IPHONEOS_DEPLOYMENT_TARGET = 12.1;
				MTL_ENABLE_DEBUG_INFO = INCLUDE_SOURCE;
				MTL_FAST_MATH = YES;
				ONLY_ACTIVE_ARCH = YES;
				SDKROOT = iphoneos;
				SWIFT_ACTIVE_COMPILATION_CONDITIONS = DEBUG;
				SWIFT_OPTIMIZATION_LEVEL = "-Onone";
			};
			name = Debug;
		};
		1893D07A229328BE006E9B00 /* Release */ = {
			isa = XCBuildConfiguration;
			buildSettings = {
				ALWAYS_SEARCH_USER_PATHS = NO;
				CLANG_ANALYZER_NONNULL = YES;
				CLANG_ANALYZER_NUMBER_OBJECT_CONVERSION = YES_AGGRESSIVE;
				CLANG_CXX_LANGUAGE_STANDARD = "gnu++14";
				CLANG_CXX_LIBRARY = "libc++";
				CLANG_ENABLE_MODULES = YES;
				CLANG_ENABLE_OBJC_ARC = YES;
				CLANG_ENABLE_OBJC_WEAK = YES;
				CLANG_WARN_BLOCK_CAPTURE_AUTORELEASING = YES;
				CLANG_WARN_BOOL_CONVERSION = YES;
				CLANG_WARN_COMMA = YES;
				CLANG_WARN_CONSTANT_CONVERSION = YES;
				CLANG_WARN_DEPRECATED_OBJC_IMPLEMENTATIONS = YES;
				CLANG_WARN_DIRECT_OBJC_ISA_USAGE = YES_ERROR;
				CLANG_WARN_DOCUMENTATION_COMMENTS = YES;
				CLANG_WARN_EMPTY_BODY = YES;
				CLANG_WARN_ENUM_CONVERSION = YES;
				CLANG_WARN_INFINITE_RECURSION = YES;
				CLANG_WARN_INT_CONVERSION = YES;
				CLANG_WARN_NON_LITERAL_NULL_CONVERSION = YES;
				CLANG_WARN_OBJC_IMPLICIT_RETAIN_SELF = YES;
				CLANG_WARN_OBJC_LITERAL_CONVERSION = YES;
				CLANG_WARN_OBJC_ROOT_CLASS = YES_ERROR;
				CLANG_WARN_RANGE_LOOP_ANALYSIS = YES;
				CLANG_WARN_STRICT_PROTOTYPES = YES;
				CLANG_WARN_SUSPICIOUS_MOVE = YES;
				CLANG_WARN_UNGUARDED_AVAILABILITY = YES_AGGRESSIVE;
				CLANG_WARN_UNREACHABLE_CODE = YES;
				CLANG_WARN__DUPLICATE_METHOD_MATCH = YES;
				CODE_SIGN_IDENTITY = "iPhone Developer";
				COPY_PHASE_STRIP = NO;
				DEBUG_INFORMATION_FORMAT = "dwarf-with-dsym";
				ENABLE_NS_ASSERTIONS = NO;
				ENABLE_STRICT_OBJC_MSGSEND = YES;
				GCC_C_LANGUAGE_STANDARD = gnu11;
				GCC_NO_COMMON_BLOCKS = YES;
				GCC_WARN_64_TO_32_BIT_CONVERSION = YES;
				GCC_WARN_ABOUT_RETURN_TYPE = YES_ERROR;
				GCC_WARN_UNDECLARED_SELECTOR = YES;
				GCC_WARN_UNINITIALIZED_AUTOS = YES_AGGRESSIVE;
				GCC_WARN_UNUSED_FUNCTION = YES;
				GCC_WARN_UNUSED_VARIABLE = YES;
				IPHONEOS_DEPLOYMENT_TARGET = 12.1;
				MTL_ENABLE_DEBUG_INFO = NO;
				MTL_FAST_MATH = YES;
				SDKROOT = iphoneos;
				SWIFT_COMPILATION_MODE = wholemodule;
				SWIFT_OPTIMIZATION_LEVEL = "-O";
				VALIDATE_PRODUCT = YES;
			};
			name = Release;
		};
		1893D07C229328BE006E9B00 /* Debug */ = {
			isa = XCBuildConfiguration;
			buildSettings = {
				ASSETCATALOG_COMPILER_APPICON_NAME = AppIcon;
				CODE_SIGN_STYLE = Automatic;
				DEVELOPMENT_TEAM = YJ2U97422Q;
				INFOPLIST_FILE = VirtualTourist/Info.plist;
				LD_RUNPATH_SEARCH_PATHS = (
					"$(inherited)",
					"@executable_path/Frameworks",
				);
				PRODUCT_BUNDLE_IDENTIFIER = com.elena.VirtualTourist;
				PRODUCT_NAME = "$(TARGET_NAME)";
				SWIFT_VERSION = 4.2;
				TARGETED_DEVICE_FAMILY = "1,2";
			};
			name = Debug;
		};
		1893D07D229328BE006E9B00 /* Release */ = {
			isa = XCBuildConfiguration;
			buildSettings = {
				ASSETCATALOG_COMPILER_APPICON_NAME = AppIcon;
				CODE_SIGN_STYLE = Automatic;
				DEVELOPMENT_TEAM = YJ2U97422Q;
				INFOPLIST_FILE = VirtualTourist/Info.plist;
				LD_RUNPATH_SEARCH_PATHS = (
					"$(inherited)",
					"@executable_path/Frameworks",
				);
				PRODUCT_BUNDLE_IDENTIFIER = com.elena.VirtualTourist;
				PRODUCT_NAME = "$(TARGET_NAME)";
				SWIFT_VERSION = 4.2;
				TARGETED_DEVICE_FAMILY = "1,2";
			};
			name = Release;
		};
/* End XCBuildConfiguration section */

/* Begin XCConfigurationList section */
		1893D061229328BD006E9B00 /* Build configuration list for PBXProject "VirtualTourist" */ = {
			isa = XCConfigurationList;
			buildConfigurations = (
				1893D079229328BE006E9B00 /* Debug */,
				1893D07A229328BE006E9B00 /* Release */,
			);
			defaultConfigurationIsVisible = 0;
			defaultConfigurationName = Release;
		};
		1893D07B229328BE006E9B00 /* Build configuration list for PBXNativeTarget "VirtualTourist" */ = {
			isa = XCConfigurationList;
			buildConfigurations = (
				1893D07C229328BE006E9B00 /* Debug */,
				1893D07D229328BE006E9B00 /* Release */,
			);
			defaultConfigurationIsVisible = 0;
			defaultConfigurationName = Release;
		};
/* End XCConfigurationList section */

/* Begin XCVersionGroup section */
		1893D070229328BD006E9B00 /* VirtualTourist.xcdatamodeld */ = {
			isa = XCVersionGroup;
			children = (
				1893D071229328BD006E9B00 /* VirtualTourist.xcdatamodel */,
			);
			currentVersion = 1893D071229328BD006E9B00 /* VirtualTourist.xcdatamodel */;
			path = VirtualTourist.xcdatamodeld;
			sourceTree = "<group>";
			versionGroupType = wrapper.xcdatamodel;
		};
/* End XCVersionGroup section */
	};
	rootObject = 1893D05E229328BD006E9B00 /* Project object */;
}
